// !$*UTF8*$!
{
	archiveVersion = 1;
	classes = {
	};
	objectVersion = 47;
	objects = {

/* Begin PBXBuildFile section */
		639261511A06A88400B9A53C /* BusSuggestionsTable.m in Sources */ = {isa = PBXBuildFile; fileRef = 639261501A06A88400B9A53C /* BusSuggestionsTable.m */; };
		681A7F45196722530006C335 /* Foundation.framework in Frameworks */ = {isa = PBXBuildFile; fileRef = 681A7F44196722530006C335 /* Foundation.framework */; };
		681A7F49196722530006C335 /* UIKit.framework in Frameworks */ = {isa = PBXBuildFile; fileRef = 681A7F48196722530006C335 /* UIKit.framework */; };
		681A7F4F196722530006C335 /* InfoPlist.strings in Resources */ = {isa = PBXBuildFile; fileRef = 681A7F4D196722530006C335 /* InfoPlist.strings */; };
		681A7F51196722530006C335 /* main.m in Sources */ = {isa = PBXBuildFile; fileRef = 681A7F50196722530006C335 /* main.m */; };
		681A7F55196722540006C335 /* AppDelegate.m in Sources */ = {isa = PBXBuildFile; fileRef = 681A7F54196722540006C335 /* AppDelegate.m */; };
		681A7F5D196722540006C335 /* Images.xcassets in Resources */ = {isa = PBXBuildFile; fileRef = 681A7F5C196722540006C335 /* Images.xcassets */; };
		681A7F64196722540006C335 /* XCTest.framework in Frameworks */ = {isa = PBXBuildFile; fileRef = 681A7F63196722540006C335 /* XCTest.framework */; };
		681A7F65196722540006C335 /* Foundation.framework in Frameworks */ = {isa = PBXBuildFile; fileRef = 681A7F44196722530006C335 /* Foundation.framework */; };
		681A7F66196722540006C335 /* UIKit.framework in Frameworks */ = {isa = PBXBuildFile; fileRef = 681A7F48196722530006C335 /* UIKit.framework */; };
		681A7F6E196722540006C335 /* InfoPlist.strings in Resources */ = {isa = PBXBuildFile; fileRef = 681A7F6C196722540006C335 /* InfoPlist.strings */; };
		681A7F7C196727C60006C335 /* MapViewController.m in Sources */ = {isa = PBXBuildFile; fileRef = 681A7F7B196727C60006C335 /* MapViewController.m */; };
		681A7F7E19672ACF0006C335 /* CoreLocation.framework in Frameworks */ = {isa = PBXBuildFile; fileRef = 681A7F7D19672ACF0006C335 /* CoreLocation.framework */; };
		681A7F9E196824890006C335 /* BusData.m in Sources */ = {isa = PBXBuildFile; fileRef = 681A7F9D196824890006C335 /* BusData.m */; };
		681A7FA1196824FC0006C335 /* BusDataStore.m in Sources */ = {isa = PBXBuildFile; fileRef = 681A7FA0196824FC0006C335 /* BusDataStore.m */; };
		681A7FA819684A6C0006C335 /* OptionsViewController.m in Sources */ = {isa = PBXBuildFile; fileRef = 681A7FA719684A6C0006C335 /* OptionsViewController.m */; };
		A3174F961B48706F000635B6 /* GoogleService-Info.plist in Resources */ = {isa = PBXBuildFile; fileRef = A3174F951B48706F000635B6 /* GoogleService-Info.plist */; };
		A31D90EE1AFA950E00AD3B35 /* BusDataTests.m in Sources */ = {isa = PBXBuildFile; fileRef = A31D90ED1AFA950E00AD3B35 /* BusDataTests.m */; };
		A31D90F51AFAADE100AD3B35 /* BusDataStoreTests.m in Sources */ = {isa = PBXBuildFile; fileRef = A31D90F41AFAADE100AD3B35 /* BusDataStoreTests.m */; };
		A35072F91B2D021200F91A2F /* RioBus_UI_Tests.swift in Sources */ = {isa = PBXBuildFile; fileRef = A35072F81B2D021200F91A2F /* RioBus_UI_Tests.swift */; };
		A37A3CEA1B1CD425006A397C /* BusLineBar.xib in Resources */ = {isa = PBXBuildFile; fileRef = A37A3CE91B1CD425006A397C /* BusLineBar.xib */; };
		A37A3CEC1B1CD55C006A397C /* Main.storyboard in Resources */ = {isa = PBXBuildFile; fileRef = A37A3CEB1B1CD55B006A397C /* Main.storyboard */; };
		A37A3CEF1B1CD61E006A397C /* BusLineBar.m in Sources */ = {isa = PBXBuildFile; fileRef = A37A3CEE1B1CD61E006A397C /* BusLineBar.m */; };
		A3B925A21B290DE000BEFC9F /* UIButton+backgroundColor.swift in Sources */ = {isa = PBXBuildFile; fileRef = A3B925A11B290DE000BEFC9F /* UIButton+backgroundColor.swift */; };
		A3B925A41B29166800BEFC9F /* UIColor+RioBus.swift in Sources */ = {isa = PBXBuildFile; fileRef = A3B925A31B29166800BEFC9F /* UIColor+RioBus.swift */; };
		A3C19DC61B5452D70085B897 /* ReportDetailViewController.m in Sources */ = {isa = PBXBuildFile; fileRef = A3C19DC51B5452D70085B897 /* ReportDetailViewController.m */; };
		A3D3D6951B500E4200D9A83C /* ReportProblemViewController.m in Sources */ = {isa = PBXBuildFile; fileRef = A3D3D6941B500E4200D9A83C /* ReportProblemViewController.m */; };
		A3EE10161B34830E0092BE99 /* PSTAlertController+okAlert.swift in Sources */ = {isa = PBXBuildFile; fileRef = A3EE10151B34830E0092BE99 /* PSTAlertController+okAlert.swift */; };
		F37CD79044D44A93BB494B9A /* libPods-riobus.a in Frameworks */ = {isa = PBXBuildFile; fileRef = 8D9CA8F077F246CFBA653042 /* libPods-riobus.a */; };
/* End PBXBuildFile section */

/* Begin PBXContainerItemProxy section */
		681A7F67196722540006C335 /* PBXContainerItemProxy */ = {
			isa = PBXContainerItemProxy;
			containerPortal = 681A7F39196722530006C335 /* Project object */;
			proxyType = 1;
			remoteGlobalIDString = 681A7F40196722530006C335;
			remoteInfo = riobus;
		};
		A35072FB1B2D021200F91A2F /* PBXContainerItemProxy */ = {
			isa = PBXContainerItemProxy;
			containerPortal = 681A7F39196722530006C335 /* Project object */;
			proxyType = 1;
			remoteGlobalIDString = 681A7F40196722530006C335;
			remoteInfo = riobus;
		};
/* End PBXContainerItemProxy section */

/* Begin PBXFileReference section */
		27B0ADDDF3B112D6CAB79E66 /* Pods-riobus.release.xcconfig */ = {isa = PBXFileReference; includeInIndex = 1; lastKnownFileType = text.xcconfig; name = "Pods-riobus.release.xcconfig"; path = "Pods/Target Support Files/Pods-riobus/Pods-riobus.release.xcconfig"; sourceTree = "<group>"; };
		6331A56B1A08516E006BBFB5 /* GLKit.framework */ = {isa = PBXFileReference; lastKnownFileType = wrapper.framework; name = GLKit.framework; path = System/Library/Frameworks/GLKit.framework; sourceTree = SDKROOT; };
		6392614F1A06A88400B9A53C /* BusSuggestionsTable.h */ = {isa = PBXFileReference; fileEncoding = 4; lastKnownFileType = sourcecode.c.h; path = BusSuggestionsTable.h; sourceTree = "<group>"; };
		639261501A06A88400B9A53C /* BusSuggestionsTable.m */ = {isa = PBXFileReference; fileEncoding = 4; lastKnownFileType = sourcecode.c.objc; path = BusSuggestionsTable.m; sourceTree = "<group>"; };
		681A7F41196722530006C335 /* riobus.app */ = {isa = PBXFileReference; explicitFileType = wrapper.application; includeInIndex = 0; path = riobus.app; sourceTree = BUILT_PRODUCTS_DIR; };
		681A7F44196722530006C335 /* Foundation.framework */ = {isa = PBXFileReference; lastKnownFileType = wrapper.framework; name = Foundation.framework; path = System/Library/Frameworks/Foundation.framework; sourceTree = SDKROOT; };
		681A7F46196722530006C335 /* CoreGraphics.framework */ = {isa = PBXFileReference; lastKnownFileType = wrapper.framework; name = CoreGraphics.framework; path = System/Library/Frameworks/CoreGraphics.framework; sourceTree = SDKROOT; };
		681A7F48196722530006C335 /* UIKit.framework */ = {isa = PBXFileReference; lastKnownFileType = wrapper.framework; name = UIKit.framework; path = System/Library/Frameworks/UIKit.framework; sourceTree = SDKROOT; };
		681A7F4C196722530006C335 /* riobus-Info.plist */ = {isa = PBXFileReference; lastKnownFileType = text.plist.xml; path = "riobus-Info.plist"; sourceTree = "<group>"; };
		681A7F50196722530006C335 /* main.m */ = {isa = PBXFileReference; lastKnownFileType = sourcecode.c.objc; path = main.m; sourceTree = "<group>"; };
		681A7F52196722540006C335 /* riobus-Prefix.pch */ = {isa = PBXFileReference; lastKnownFileType = sourcecode.c.h; path = "riobus-Prefix.pch"; sourceTree = "<group>"; };
		681A7F53196722540006C335 /* AppDelegate.h */ = {isa = PBXFileReference; lastKnownFileType = sourcecode.c.h; path = AppDelegate.h; sourceTree = "<group>"; };
		681A7F54196722540006C335 /* AppDelegate.m */ = {isa = PBXFileReference; lastKnownFileType = sourcecode.c.objc; path = AppDelegate.m; sourceTree = "<group>"; };
		681A7F5C196722540006C335 /* Images.xcassets */ = {isa = PBXFileReference; lastKnownFileType = folder.assetcatalog; path = Images.xcassets; sourceTree = "<group>"; };
		681A7F62196722540006C335 /* riobusTests.xctest */ = {isa = PBXFileReference; explicitFileType = wrapper.cfbundle; includeInIndex = 0; path = riobusTests.xctest; sourceTree = BUILT_PRODUCTS_DIR; };
		681A7F63196722540006C335 /* XCTest.framework */ = {isa = PBXFileReference; lastKnownFileType = wrapper.framework; name = XCTest.framework; path = Library/Frameworks/XCTest.framework; sourceTree = DEVELOPER_DIR; };
		681A7F6B196722540006C335 /* riobusTests-Info.plist */ = {isa = PBXFileReference; lastKnownFileType = text.plist.xml; path = "riobusTests-Info.plist"; sourceTree = "<group>"; };
		681A7F7A196727C60006C335 /* MapViewController.h */ = {isa = PBXFileReference; fileEncoding = 4; lastKnownFileType = sourcecode.c.h; path = MapViewController.h; sourceTree = "<group>"; };
		681A7F7B196727C60006C335 /* MapViewController.m */ = {isa = PBXFileReference; fileEncoding = 4; lastKnownFileType = sourcecode.c.objc; path = MapViewController.m; sourceTree = "<group>"; };
		681A7F7D19672ACF0006C335 /* CoreLocation.framework */ = {isa = PBXFileReference; lastKnownFileType = wrapper.framework; name = CoreLocation.framework; path = System/Library/Frameworks/CoreLocation.framework; sourceTree = SDKROOT; };
		681A7F9C196824890006C335 /* BusData.h */ = {isa = PBXFileReference; fileEncoding = 4; lastKnownFileType = sourcecode.c.h; path = BusData.h; sourceTree = "<group>"; };
		681A7F9D196824890006C335 /* BusData.m */ = {isa = PBXFileReference; fileEncoding = 4; lastKnownFileType = sourcecode.c.objc; path = BusData.m; sourceTree = "<group>"; };
		681A7F9F196824FC0006C335 /* BusDataStore.h */ = {isa = PBXFileReference; fileEncoding = 4; lastKnownFileType = sourcecode.c.h; path = BusDataStore.h; sourceTree = "<group>"; };
		681A7FA0196824FC0006C335 /* BusDataStore.m */ = {isa = PBXFileReference; fileEncoding = 4; lastKnownFileType = sourcecode.c.objc; path = BusDataStore.m; sourceTree = "<group>"; };
		681A7FA619684A6C0006C335 /* OptionsViewController.h */ = {isa = PBXFileReference; fileEncoding = 4; lastKnownFileType = sourcecode.c.h; path = OptionsViewController.h; sourceTree = "<group>"; };
		681A7FA719684A6C0006C335 /* OptionsViewController.m */ = {isa = PBXFileReference; fileEncoding = 4; lastKnownFileType = sourcecode.c.objc; path = OptionsViewController.m; sourceTree = "<group>"; };
		8D9CA8F077F246CFBA653042 /* libPods-riobus.a */ = {isa = PBXFileReference; explicitFileType = archive.ar; includeInIndex = 0; path = "libPods-riobus.a"; sourceTree = BUILT_PRODUCTS_DIR; };
		A3174F951B48706F000635B6 /* GoogleService-Info.plist */ = {isa = PBXFileReference; fileEncoding = 4; lastKnownFileType = text.plist.xml; path = "GoogleService-Info.plist"; sourceTree = "<group>"; };
		A31D90ED1AFA950E00AD3B35 /* BusDataTests.m */ = {isa = PBXFileReference; fileEncoding = 4; lastKnownFileType = sourcecode.c.objc; path = BusDataTests.m; sourceTree = "<group>"; };
		A31D90F41AFAADE100AD3B35 /* BusDataStoreTests.m */ = {isa = PBXFileReference; fileEncoding = 4; lastKnownFileType = sourcecode.c.objc; path = BusDataStoreTests.m; sourceTree = "<group>"; };
		A35072F61B2D021200F91A2F /* RioBus UI Tests.xctest */ = {isa = PBXFileReference; explicitFileType = wrapper.cfbundle; includeInIndex = 0; path = "RioBus UI Tests.xctest"; sourceTree = BUILT_PRODUCTS_DIR; };
		A35072F81B2D021200F91A2F /* RioBus_UI_Tests.swift */ = {isa = PBXFileReference; lastKnownFileType = sourcecode.swift; path = RioBus_UI_Tests.swift; sourceTree = "<group>"; };
		A35072FA1B2D021200F91A2F /* Info.plist */ = {isa = PBXFileReference; lastKnownFileType = text.plist.xml; path = Info.plist; sourceTree = "<group>"; };
		A37A3CE91B1CD425006A397C /* BusLineBar.xib */ = {isa = PBXFileReference; fileEncoding = 4; lastKnownFileType = file.xib; path = BusLineBar.xib; sourceTree = "<group>"; };
		A37A3CEB1B1CD55B006A397C /* Main.storyboard */ = {isa = PBXFileReference; fileEncoding = 4; lastKnownFileType = file.storyboard; path = Main.storyboard; sourceTree = "<group>"; };
		A37A3CED1B1CD61E006A397C /* BusLineBar.h */ = {isa = PBXFileReference; fileEncoding = 4; lastKnownFileType = sourcecode.c.h; path = BusLineBar.h; sourceTree = "<group>"; };
		A37A3CEE1B1CD61E006A397C /* BusLineBar.m */ = {isa = PBXFileReference; fileEncoding = 4; lastKnownFileType = sourcecode.c.objc; path = BusLineBar.m; sourceTree = "<group>"; };
		A3B925A01B290DDF00BEFC9F /* riobus-Bridging-Header.h */ = {isa = PBXFileReference; lastKnownFileType = sourcecode.c.h; path = "riobus-Bridging-Header.h"; sourceTree = SOURCE_ROOT; };
		A3B925A11B290DE000BEFC9F /* UIButton+backgroundColor.swift */ = {isa = PBXFileReference; fileEncoding = 4; lastKnownFileType = sourcecode.swift; path = "UIButton+backgroundColor.swift"; sourceTree = "<group>"; };
		A3B925A31B29166800BEFC9F /* UIColor+RioBus.swift */ = {isa = PBXFileReference; fileEncoding = 4; lastKnownFileType = sourcecode.swift; path = "UIColor+RioBus.swift"; sourceTree = "<group>"; };
		A3C19DC41B5452D70085B897 /* ReportDetailViewController.h */ = {isa = PBXFileReference; fileEncoding = 4; lastKnownFileType = sourcecode.c.h; path = ReportDetailViewController.h; sourceTree = "<group>"; };
		A3C19DC51B5452D70085B897 /* ReportDetailViewController.m */ = {isa = PBXFileReference; fileEncoding = 4; lastKnownFileType = sourcecode.c.objc; path = ReportDetailViewController.m; sourceTree = "<group>"; };
		A3C41BE11B1A7B89004CB63A /* MapKit.framework */ = {isa = PBXFileReference; lastKnownFileType = wrapper.framework; name = MapKit.framework; path = System/Library/Frameworks/MapKit.framework; sourceTree = SDKROOT; };
		A3D3D6931B500E4200D9A83C /* ReportProblemViewController.h */ = {isa = PBXFileReference; fileEncoding = 4; lastKnownFileType = sourcecode.c.h; path = ReportProblemViewController.h; sourceTree = "<group>"; };
		A3D3D6941B500E4200D9A83C /* ReportProblemViewController.m */ = {isa = PBXFileReference; fileEncoding = 4; lastKnownFileType = sourcecode.c.objc; path = ReportProblemViewController.m; sourceTree = "<group>"; };
		A3EE10151B34830E0092BE99 /* PSTAlertController+okAlert.swift */ = {isa = PBXFileReference; fileEncoding = 4; lastKnownFileType = sourcecode.swift; path = "PSTAlertController+okAlert.swift"; sourceTree = "<group>"; };
		A3EE10171B34927F0092BE99 /* pt */ = {isa = PBXFileReference; lastKnownFileType = text.plist.strings; name = pt; path = pt.lproj/InfoPlist.strings; sourceTree = "<group>"; };
		A3EE10181B34927F0092BE99 /* pt */ = {isa = PBXFileReference; lastKnownFileType = text.plist.strings; name = pt; path = pt.lproj/InfoPlist.strings; sourceTree = "<group>"; };
		E5DAC26DBD3C5E8382FCAE95 /* Pods-riobus.debug.xcconfig */ = {isa = PBXFileReference; includeInIndex = 1; lastKnownFileType = text.xcconfig; name = "Pods-riobus.debug.xcconfig"; path = "Pods/Target Support Files/Pods-riobus/Pods-riobus.debug.xcconfig"; sourceTree = "<group>"; };
/* End PBXFileReference section */

/* Begin PBXFrameworksBuildPhase section */
		681A7F3E196722530006C335 /* Frameworks */ = {
			isa = PBXFrameworksBuildPhase;
			buildActionMask = 2147483647;
			files = (
				681A7F7E19672ACF0006C335 /* CoreLocation.framework in Frameworks */,
				681A7F49196722530006C335 /* UIKit.framework in Frameworks */,
				681A7F45196722530006C335 /* Foundation.framework in Frameworks */,
				F37CD79044D44A93BB494B9A /* libPods-riobus.a in Frameworks */,
			);
			runOnlyForDeploymentPostprocessing = 0;
		};
		681A7F5F196722540006C335 /* Frameworks */ = {
			isa = PBXFrameworksBuildPhase;
			buildActionMask = 2147483647;
			files = (
				681A7F64196722540006C335 /* XCTest.framework in Frameworks */,
				681A7F66196722540006C335 /* UIKit.framework in Frameworks */,
				681A7F65196722540006C335 /* Foundation.framework in Frameworks */,
			);
			runOnlyForDeploymentPostprocessing = 0;
		};
		A35072F31B2D021200F91A2F /* Frameworks */ = {
			isa = PBXFrameworksBuildPhase;
			buildActionMask = 2147483647;
			files = (
			);
			runOnlyForDeploymentPostprocessing = 0;
		};
/* End PBXFrameworksBuildPhase section */

/* Begin PBXGroup section */
		681A7F38196722530006C335 = {
			isa = PBXGroup;
			children = (
				681A7F4A196722530006C335 /* riobus */,
				681A7F69196722540006C335 /* riobusTests */,
				A35072F71B2D021200F91A2F /* RioBus UI Tests */,
				681A7F43196722530006C335 /* Frameworks */,
				681A7F42196722530006C335 /* Products */,
				BEC75922FA062B67848E72FA /* Pods */,
			);
			sourceTree = "<group>";
		};
		681A7F42196722530006C335 /* Products */ = {
			isa = PBXGroup;
			children = (
				681A7F41196722530006C335 /* riobus.app */,
				681A7F62196722540006C335 /* riobusTests.xctest */,
				A35072F61B2D021200F91A2F /* RioBus UI Tests.xctest */,
			);
			name = Products;
			sourceTree = "<group>";
		};
		681A7F43196722530006C335 /* Frameworks */ = {
			isa = PBXGroup;
			children = (
				A3C41BE11B1A7B89004CB63A /* MapKit.framework */,
				6331A56B1A08516E006BBFB5 /* GLKit.framework */,
				681A7F7D19672ACF0006C335 /* CoreLocation.framework */,
				681A7F44196722530006C335 /* Foundation.framework */,
				681A7F46196722530006C335 /* CoreGraphics.framework */,
				681A7F48196722530006C335 /* UIKit.framework */,
				681A7F63196722540006C335 /* XCTest.framework */,
				8D9CA8F077F246CFBA653042 /* libPods-riobus.a */,
			);
			name = Frameworks;
			sourceTree = "<group>";
		};
		681A7F4A196722530006C335 /* riobus */ = {
			isa = PBXGroup;
			children = (
				A3B925A51B291C6F00BEFC9F /* Extensions */,
				681A7F9B196824560006C335 /* Model */,
				A3D5FE471B1D6F6E0062A103 /* View */,
				681A7F53196722540006C335 /* AppDelegate.h */,
				681A7F54196722540006C335 /* AppDelegate.m */,
				681A7F7A196727C60006C335 /* MapViewController.h */,
				681A7F7B196727C60006C335 /* MapViewController.m */,
				681A7FA619684A6C0006C335 /* OptionsViewController.h */,
				681A7FA719684A6C0006C335 /* OptionsViewController.m */,
				A3D3D6931B500E4200D9A83C /* ReportProblemViewController.h */,
				A3D3D6941B500E4200D9A83C /* ReportProblemViewController.m */,
				A3C19DC41B5452D70085B897 /* ReportDetailViewController.h */,
				A3C19DC51B5452D70085B897 /* ReportDetailViewController.m */,
				681A7F5C196722540006C335 /* Images.xcassets */,
				681A7F4B196722530006C335 /* Supporting Files */,
			);
			path = riobus;
			sourceTree = "<group>";
		};
		681A7F4B196722530006C335 /* Supporting Files */ = {
			isa = PBXGroup;
			children = (
				681A7F4C196722530006C335 /* riobus-Info.plist */,
				A3174F951B48706F000635B6 /* GoogleService-Info.plist */,
				681A7F4D196722530006C335 /* InfoPlist.strings */,
				681A7F50196722530006C335 /* main.m */,
				681A7F52196722540006C335 /* riobus-Prefix.pch */,
				A3B925A01B290DDF00BEFC9F /* riobus-Bridging-Header.h */,
			);
			name = "Supporting Files";
			sourceTree = "<group>";
		};
		681A7F69196722540006C335 /* riobusTests */ = {
			isa = PBXGroup;
			children = (
				681A7F6A196722540006C335 /* Supporting Files */,
				A31D90ED1AFA950E00AD3B35 /* BusDataTests.m */,
				A31D90F41AFAADE100AD3B35 /* BusDataStoreTests.m */,
			);
			path = riobusTests;
			sourceTree = "<group>";
		};
		681A7F6A196722540006C335 /* Supporting Files */ = {
			isa = PBXGroup;
			children = (
				681A7F6B196722540006C335 /* riobusTests-Info.plist */,
				681A7F6C196722540006C335 /* InfoPlist.strings */,
			);
			name = "Supporting Files";
			sourceTree = "<group>";
		};
		681A7F9B196824560006C335 /* Model */ = {
			isa = PBXGroup;
			children = (
				681A7F9C196824890006C335 /* BusData.h */,
				681A7F9D196824890006C335 /* BusData.m */,
				681A7F9F196824FC0006C335 /* BusDataStore.h */,
				681A7FA0196824FC0006C335 /* BusDataStore.m */,
			);
			name = Model;
			sourceTree = "<group>";
		};
		A35072F71B2D021200F91A2F /* RioBus UI Tests */ = {
			isa = PBXGroup;
			children = (
				A35072F81B2D021200F91A2F /* RioBus_UI_Tests.swift */,
				A35072FA1B2D021200F91A2F /* Info.plist */,
			);
			path = "RioBus UI Tests";
			sourceTree = "<group>";
		};
		A3B925A51B291C6F00BEFC9F /* Extensions */ = {
			isa = PBXGroup;
			children = (
				A3B925A11B290DE000BEFC9F /* UIButton+backgroundColor.swift */,
				A3B925A31B29166800BEFC9F /* UIColor+RioBus.swift */,
				A3EE10151B34830E0092BE99 /* PSTAlertController+okAlert.swift */,
			);
			name = Extensions;
			sourceTree = "<group>";
		};
		A3D5FE471B1D6F6E0062A103 /* View */ = {
			isa = PBXGroup;
			children = (
				A37A3CEB1B1CD55B006A397C /* Main.storyboard */,
				A37A3CED1B1CD61E006A397C /* BusLineBar.h */,
				A37A3CEE1B1CD61E006A397C /* BusLineBar.m */,
				A37A3CE91B1CD425006A397C /* BusLineBar.xib */,
				6392614F1A06A88400B9A53C /* BusSuggestionsTable.h */,
				639261501A06A88400B9A53C /* BusSuggestionsTable.m */,
			);
			name = View;
			sourceTree = "<group>";
		};
		BEC75922FA062B67848E72FA /* Pods */ = {
			isa = PBXGroup;
			children = (
				E5DAC26DBD3C5E8382FCAE95 /* Pods-riobus.debug.xcconfig */,
				27B0ADDDF3B112D6CAB79E66 /* Pods-riobus.release.xcconfig */,
			);
			name = Pods;
			sourceTree = "<group>";
		};
/* End PBXGroup section */

/* Begin PBXNativeTarget section */
		681A7F40196722530006C335 /* riobus */ = {
			isa = PBXNativeTarget;
			buildConfigurationList = 681A7F73196722540006C335 /* Build configuration list for PBXNativeTarget "riobus" */;
			buildPhases = (
				131570F6245A48478D85C306 /* Check Pods Manifest.lock */,
				681A7F3D196722530006C335 /* Sources */,
				681A7F3E196722530006C335 /* Frameworks */,
				681A7F3F196722530006C335 /* Resources */,
				F53865278DE24F58A1EE981B /* Copy Pods Resources */,
				A36CEC211AF02C39002A3B0C /* Update build number */,
				A3B9259F1B27F25000BEFC9F /* Convert TODO's and FIXME's to warnings */,
			);
			buildRules = (
			);
			dependencies = (
			);
			name = riobus;
			productName = riobus;
			productReference = 681A7F41196722530006C335 /* riobus.app */;
			productType = "com.apple.product-type.application";
		};
		681A7F61196722540006C335 /* riobusTests */ = {
			isa = PBXNativeTarget;
			buildConfigurationList = 681A7F76196722540006C335 /* Build configuration list for PBXNativeTarget "riobusTests" */;
			buildPhases = (
				681A7F5E196722540006C335 /* Sources */,
				681A7F5F196722540006C335 /* Frameworks */,
				681A7F60196722540006C335 /* Resources */,
			);
			buildRules = (
			);
			dependencies = (
				681A7F68196722540006C335 /* PBXTargetDependency */,
			);
			name = riobusTests;
			productName = riobusTests;
			productReference = 681A7F62196722540006C335 /* riobusTests.xctest */;
			productType = "com.apple.product-type.bundle.unit-test";
		};
		A35072F51B2D021200F91A2F /* RioBus UI Tests */ = {
			isa = PBXNativeTarget;
			buildConfigurationList = A35072FF1B2D021200F91A2F /* Build configuration list for PBXNativeTarget "RioBus UI Tests" */;
			buildPhases = (
				A35072F21B2D021200F91A2F /* Sources */,
				A35072F31B2D021200F91A2F /* Frameworks */,
				A35072F41B2D021200F91A2F /* Resources */,
			);
			buildRules = (
			);
			dependencies = (
				A35072FC1B2D021200F91A2F /* PBXTargetDependency */,
			);
			name = "RioBus UI Tests";
			productName = "RioBus UI Tests";
			productReference = A35072F61B2D021200F91A2F /* RioBus UI Tests.xctest */;
			productType = "com.apple.product-type.bundle.ui-testing";
		};
/* End PBXNativeTarget section */

/* Begin PBXProject section */
		681A7F39196722530006C335 /* Project object */ = {
			isa = PBXProject;
			attributes = {
				LastSwiftUpdateCheck = 0700;
				LastUpgradeCheck = 0510;
				ORGANIZATIONNAME = "Rio Bus";
				TargetAttributes = {
					681A7F40196722530006C335 = {
						DevelopmentTeam = Z6F88ESBP4;
					};
					681A7F61196722540006C335 = {
						TestTargetID = 681A7F40196722530006C335;
					};
					A35072F51B2D021200F91A2F = {
						CreatedOnToolsVersion = 7.0;
						TestTargetID = 681A7F40196722530006C335;
					};
				};
			};
			buildConfigurationList = 681A7F3C196722530006C335 /* Build configuration list for PBXProject "riobus" */;
			compatibilityVersion = "Xcode 6.3";
			developmentRegion = English;
			hasScannedForEncodings = 0;
			knownRegions = (
				Base,
				pt,
			);
			mainGroup = 681A7F38196722530006C335;
			productRefGroup = 681A7F42196722530006C335 /* Products */;
			projectDirPath = "";
			projectRoot = "";
			targets = (
				681A7F40196722530006C335 /* riobus */,
				681A7F61196722540006C335 /* riobusTests */,
				A35072F51B2D021200F91A2F /* RioBus UI Tests */,
			);
		};
/* End PBXProject section */

/* Begin PBXResourcesBuildPhase section */
		681A7F3F196722530006C335 /* Resources */ = {
			isa = PBXResourcesBuildPhase;
			buildActionMask = 2147483647;
			files = (
				A37A3CEA1B1CD425006A397C /* BusLineBar.xib in Resources */,
				681A7F5D196722540006C335 /* Images.xcassets in Resources */,
				A3174F961B48706F000635B6 /* GoogleService-Info.plist in Resources */,
				681A7F4F196722530006C335 /* InfoPlist.strings in Resources */,
				A37A3CEC1B1CD55C006A397C /* Main.storyboard in Resources */,
			);
			runOnlyForDeploymentPostprocessing = 0;
		};
		681A7F60196722540006C335 /* Resources */ = {
			isa = PBXResourcesBuildPhase;
			buildActionMask = 2147483647;
			files = (
				681A7F6E196722540006C335 /* InfoPlist.strings in Resources */,
			);
			runOnlyForDeploymentPostprocessing = 0;
		};
		A35072F41B2D021200F91A2F /* Resources */ = {
			isa = PBXResourcesBuildPhase;
			buildActionMask = 2147483647;
			files = (
			);
			runOnlyForDeploymentPostprocessing = 0;
		};
/* End PBXResourcesBuildPhase section */

/* Begin PBXShellScriptBuildPhase section */
		131570F6245A48478D85C306 /* Check Pods Manifest.lock */ = {
			isa = PBXShellScriptBuildPhase;
			buildActionMask = 2147483647;
			files = (
			);
			inputPaths = (
			);
			name = "Check Pods Manifest.lock";
			outputPaths = (
			);
			runOnlyForDeploymentPostprocessing = 0;
			shellPath = /bin/sh;
			shellScript = "diff \"${PODS_ROOT}/../Podfile.lock\" \"${PODS_ROOT}/Manifest.lock\" > /dev/null\nif [[ $? != 0 ]] ; then\n    cat << EOM\nerror: The sandbox is not in sync with the Podfile.lock. Run 'pod install' or update your CocoaPods installation.\nEOM\n    exit 1\nfi\n";
			showEnvVarsInLog = 0;
		};
		A36CEC211AF02C39002A3B0C /* Update build number */ = {
			isa = PBXShellScriptBuildPhase;
			buildActionMask = 12;
			files = (
			);
			inputPaths = (
			);
			name = "Update build number";
			outputPaths = (
			);
			runOnlyForDeploymentPostprocessing = 0;
			shellPath = /bin/sh;
			shellScript = "#!/bin/sh\n# Auto Increment Version Script\n# set CFBundleVersion to 1.0.1 first!!!\n# the perl regex splits out the last part of a build number (ie: 1.1.1) and increments it by one\n# if you have a build number that is more than 3 components, add a '\\.\\d+' into the first part of the regex.\nbuildPlist=${INFOPLIST_FILE}\nnewVersion=`/usr/libexec/PlistBuddy -c \"Print CFBundleVersion\" \"$buildPlist\" | /usr/bin/perl -pe 's/(\\d+)/($1+1)/eg'`\n#echo $newVersion;\n/usr/libexec/PListBuddy -c \"Set :CFBundleVersion $newVersion\" \"$buildPlist\"";
		};
		A3B9259F1B27F25000BEFC9F /* Convert TODO's and FIXME's to warnings */ = {
			isa = PBXShellScriptBuildPhase;
			buildActionMask = 2147483647;
			files = (
			);
			inputPaths = (
			);
			name = "Convert TODO's and FIXME's to warnings";
			outputPaths = (
			);
			runOnlyForDeploymentPostprocessing = 0;
			shellPath = /bin/sh;
			shellScript = "KEYWORDS=\"TODO:|FIXME:|DevTeam:|XXX:\"\nfind \"${SRCROOT}\" \\( -name \"*.h\" -or -name \"*.m\" -or -name \"*.swift\" \\) -print0 | xargs -0 egrep --with-filename --line-number --only-matching \"($KEYWORDS).*\\$\" | perl -p -e \"s/($KEYWORDS)/ warning: \\$1/\"\n";
		};
		F53865278DE24F58A1EE981B /* Copy Pods Resources */ = {
			isa = PBXShellScriptBuildPhase;
			buildActionMask = 2147483647;
			files = (
			);
			inputPaths = (
			);
			name = "Copy Pods Resources";
			outputPaths = (
			);
			runOnlyForDeploymentPostprocessing = 0;
			shellPath = /bin/sh;
			shellScript = "\"${SRCROOT}/Pods/Target Support Files/Pods-riobus/Pods-riobus-resources.sh\"\n";
			showEnvVarsInLog = 0;
		};
/* End PBXShellScriptBuildPhase section */

/* Begin PBXSourcesBuildPhase section */
		681A7F3D196722530006C335 /* Sources */ = {
			isa = PBXSourcesBuildPhase;
			buildActionMask = 2147483647;
			files = (
				A3D3D6951B500E4200D9A83C /* ReportProblemViewController.m in Sources */,
				A37A3CEF1B1CD61E006A397C /* BusLineBar.m in Sources */,
				681A7F9E196824890006C335 /* BusData.m in Sources */,
				681A7F7C196727C60006C335 /* MapViewController.m in Sources */,
				A3B925A41B29166800BEFC9F /* UIColor+RioBus.swift in Sources */,
				681A7F55196722540006C335 /* AppDelegate.m in Sources */,
				A3EE10161B34830E0092BE99 /* PSTAlertController+okAlert.swift in Sources */,
				681A7F51196722530006C335 /* main.m in Sources */,
				A3C19DC61B5452D70085B897 /* ReportDetailViewController.m in Sources */,
				639261511A06A88400B9A53C /* BusSuggestionsTable.m in Sources */,
				681A7FA1196824FC0006C335 /* BusDataStore.m in Sources */,
				A3B925A21B290DE000BEFC9F /* UIButton+backgroundColor.swift in Sources */,
				681A7FA819684A6C0006C335 /* OptionsViewController.m in Sources */,
			);
			runOnlyForDeploymentPostprocessing = 0;
		};
		681A7F5E196722540006C335 /* Sources */ = {
			isa = PBXSourcesBuildPhase;
			buildActionMask = 2147483647;
			files = (
				A31D90EE1AFA950E00AD3B35 /* BusDataTests.m in Sources */,
				A31D90F51AFAADE100AD3B35 /* BusDataStoreTests.m in Sources */,
			);
			runOnlyForDeploymentPostprocessing = 0;
		};
		A35072F21B2D021200F91A2F /* Sources */ = {
			isa = PBXSourcesBuildPhase;
			buildActionMask = 2147483647;
			files = (
				A35072F91B2D021200F91A2F /* RioBus_UI_Tests.swift in Sources */,
			);
			runOnlyForDeploymentPostprocessing = 0;
		};
/* End PBXSourcesBuildPhase section */

/* Begin PBXTargetDependency section */
		681A7F68196722540006C335 /* PBXTargetDependency */ = {
			isa = PBXTargetDependency;
			target = 681A7F40196722530006C335 /* riobus */;
			targetProxy = 681A7F67196722540006C335 /* PBXContainerItemProxy */;
		};
		A35072FC1B2D021200F91A2F /* PBXTargetDependency */ = {
			isa = PBXTargetDependency;
			target = 681A7F40196722530006C335 /* riobus */;
			targetProxy = A35072FB1B2D021200F91A2F /* PBXContainerItemProxy */;
		};
/* End PBXTargetDependency section */

/* Begin PBXVariantGroup section */
		681A7F4D196722530006C335 /* InfoPlist.strings */ = {
			isa = PBXVariantGroup;
			children = (
				A3EE10171B34927F0092BE99 /* pt */,
			);
			name = InfoPlist.strings;
			sourceTree = "<group>";
		};
		681A7F6C196722540006C335 /* InfoPlist.strings */ = {
			isa = PBXVariantGroup;
			children = (
				A3EE10181B34927F0092BE99 /* pt */,
			);
			name = InfoPlist.strings;
			sourceTree = "<group>";
		};
/* End PBXVariantGroup section */

/* Begin XCBuildConfiguration section */
		681A7F71196722540006C335 /* Debug */ = {
			isa = XCBuildConfiguration;
			buildSettings = {
				ALWAYS_SEARCH_USER_PATHS = NO;
				CLANG_CXX_LANGUAGE_STANDARD = "gnu++0x";
				CLANG_CXX_LIBRARY = "libc++";
				CLANG_ENABLE_MODULES = YES;
				CLANG_ENABLE_OBJC_ARC = YES;
				CLANG_WARN_BOOL_CONVERSION = YES;
				CLANG_WARN_CONSTANT_CONVERSION = YES;
				CLANG_WARN_DIRECT_OBJC_ISA_USAGE = YES_ERROR;
				CLANG_WARN_EMPTY_BODY = YES;
				CLANG_WARN_ENUM_CONVERSION = YES;
				CLANG_WARN_INT_CONVERSION = YES;
				CLANG_WARN_OBJC_ROOT_CLASS = YES_ERROR;
				CLANG_WARN__DUPLICATE_METHOD_MATCH = YES;
				"CODE_SIGN_IDENTITY[sdk=iphoneos*]" = "iPhone Developer";
				COPY_PHASE_STRIP = NO;
				GCC_C_LANGUAGE_STANDARD = gnu99;
				GCC_DYNAMIC_NO_PIC = NO;
				GCC_OPTIMIZATION_LEVEL = 0;
				GCC_PREPROCESSOR_DEFINITIONS = (
					"DEBUG=1",
					"$(inherited)",
				);
				GCC_SYMBOLS_PRIVATE_EXTERN = NO;
				GCC_WARN_64_TO_32_BIT_CONVERSION = YES;
				GCC_WARN_ABOUT_RETURN_TYPE = YES_ERROR;
				GCC_WARN_UNDECLARED_SELECTOR = YES;
				GCC_WARN_UNINITIALIZED_AUTOS = YES_AGGRESSIVE;
				GCC_WARN_UNUSED_FUNCTION = YES;
				GCC_WARN_UNUSED_VARIABLE = YES;
				IPHONEOS_DEPLOYMENT_TARGET = 7.1;
				ONLY_ACTIVE_ARCH = YES;
				SDKROOT = iphoneos;
			};
			name = Debug;
		};
		681A7F72196722540006C335 /* Release */ = {
			isa = XCBuildConfiguration;
			buildSettings = {
				ALWAYS_SEARCH_USER_PATHS = NO;
				CLANG_CXX_LANGUAGE_STANDARD = "gnu++0x";
				CLANG_CXX_LIBRARY = "libc++";
				CLANG_ENABLE_MODULES = YES;
				CLANG_ENABLE_OBJC_ARC = YES;
				CLANG_WARN_BOOL_CONVERSION = YES;
				CLANG_WARN_CONSTANT_CONVERSION = YES;
				CLANG_WARN_DIRECT_OBJC_ISA_USAGE = YES_ERROR;
				CLANG_WARN_EMPTY_BODY = YES;
				CLANG_WARN_ENUM_CONVERSION = YES;
				CLANG_WARN_INT_CONVERSION = YES;
				CLANG_WARN_OBJC_ROOT_CLASS = YES_ERROR;
				CLANG_WARN__DUPLICATE_METHOD_MATCH = YES;
				"CODE_SIGN_IDENTITY[sdk=iphoneos*]" = "iPhone Developer";
				COPY_PHASE_STRIP = NO;
				ENABLE_NS_ASSERTIONS = NO;
				GCC_C_LANGUAGE_STANDARD = gnu99;
				GCC_WARN_64_TO_32_BIT_CONVERSION = YES;
				GCC_WARN_ABOUT_RETURN_TYPE = YES_ERROR;
				GCC_WARN_UNDECLARED_SELECTOR = YES;
				GCC_WARN_UNINITIALIZED_AUTOS = YES_AGGRESSIVE;
				GCC_WARN_UNUSED_FUNCTION = YES;
				GCC_WARN_UNUSED_VARIABLE = YES;
				IPHONEOS_DEPLOYMENT_TARGET = 7.1;
				SDKROOT = iphoneos;
				VALIDATE_PRODUCT = YES;
			};
			name = Release;
		};
		681A7F74196722540006C335 /* Debug */ = {
			isa = XCBuildConfiguration;
			baseConfigurationReference = E5DAC26DBD3C5E8382FCAE95 /* Pods-riobus.debug.xcconfig */;
			buildSettings = {
				ASSETCATALOG_COMPILER_APPICON_NAME = AppIcon;
				ASSETCATALOG_COMPILER_LAUNCHIMAGE_NAME = LaunchImage;
				CLANG_ENABLE_MODULES = YES;
				CODE_SIGN_IDENTITY = "iPhone Developer";
				GCC_PRECOMPILE_PREFIX_HEADER = YES;
				GCC_PREFIX_HEADER = "riobus/riobus-Prefix.pch";
				INFOPLIST_FILE = "riobus/riobus-Info.plist";
				LD_RUNPATH_SEARCH_PATHS = "$(inherited) @executable_path/Frameworks";
				PRODUCT_NAME = "$(TARGET_NAME)";
				SWIFT_OBJC_BRIDGING_HEADER = "riobus-Bridging-Header.h";
				SWIFT_OPTIMIZATION_LEVEL = "-Onone";
				WRAPPER_EXTENSION = app;
			};
			name = Debug;
		};
		681A7F75196722540006C335 /* Release */ = {
			isa = XCBuildConfiguration;
			baseConfigurationReference = 27B0ADDDF3B112D6CAB79E66 /* Pods-riobus.release.xcconfig */;
			buildSettings = {
				ASSETCATALOG_COMPILER_APPICON_NAME = AppIcon;
				ASSETCATALOG_COMPILER_LAUNCHIMAGE_NAME = LaunchImage;
				CLANG_ENABLE_MODULES = YES;
				CODE_SIGN_IDENTITY = "iPhone Developer";
				GCC_PRECOMPILE_PREFIX_HEADER = YES;
				GCC_PREFIX_HEADER = "riobus/riobus-Prefix.pch";
				INFOPLIST_FILE = "riobus/riobus-Info.plist";
				LD_RUNPATH_SEARCH_PATHS = "$(inherited) @executable_path/Frameworks";
				PRODUCT_NAME = "$(TARGET_NAME)";
				SWIFT_OBJC_BRIDGING_HEADER = "riobus-Bridging-Header.h";
				WRAPPER_EXTENSION = app;
			};
			name = Release;
		};
		681A7F77196722540006C335 /* Debug */ = {
			isa = XCBuildConfiguration;
			buildSettings = {
				BUNDLE_LOADER = "$(BUILT_PRODUCTS_DIR)/riobus.app/riobus";
				CLANG_ENABLE_MODULES = YES;
				FRAMEWORK_SEARCH_PATHS = (
					"$(SDKROOT)/Developer/Library/Frameworks",
					"$(inherited)",
					"$(DEVELOPER_FRAMEWORKS_DIR)",
				);
				GCC_PRECOMPILE_PREFIX_HEADER = YES;
				GCC_PREFIX_HEADER = "riobus/riobus-Prefix.pch";
				GCC_PREPROCESSOR_DEFINITIONS = (
					"DEBUG=1",
					"$(inherited)",
				);
				INFOPLIST_FILE = "riobusTests/riobusTests-Info.plist";
				LD_RUNPATH_SEARCH_PATHS = "$(inherited) @executable_path/Frameworks @loader_path/Frameworks";
				PRODUCT_NAME = "$(TARGET_NAME)";
				SWIFT_OBJC_BRIDGING_HEADER = "riobusTests/riobusTests-Bridging-Header.h";
				SWIFT_OPTIMIZATION_LEVEL = "-Onone";
				TEST_HOST = "$(BUNDLE_LOADER)";
				WRAPPER_EXTENSION = xctest;
			};
			name = Debug;
		};
		681A7F78196722540006C335 /* Release */ = {
			isa = XCBuildConfiguration;
			buildSettings = {
				BUNDLE_LOADER = "$(BUILT_PRODUCTS_DIR)/riobus.app/riobus";
				CLANG_ENABLE_MODULES = YES;
				FRAMEWORK_SEARCH_PATHS = (
					"$(SDKROOT)/Developer/Library/Frameworks",
					"$(inherited)",
					"$(DEVELOPER_FRAMEWORKS_DIR)",
				);
				GCC_PRECOMPILE_PREFIX_HEADER = YES;
				GCC_PREFIX_HEADER = "riobus/riobus-Prefix.pch";
				INFOPLIST_FILE = "riobusTests/riobusTests-Info.plist";
				LD_RUNPATH_SEARCH_PATHS = "$(inherited) @executable_path/Frameworks @loader_path/Frameworks";
				PRODUCT_NAME = "$(TARGET_NAME)";
				SWIFT_OBJC_BRIDGING_HEADER = "riobusTests/riobusTests-Bridging-Header.h";
				TEST_HOST = "$(BUNDLE_LOADER)";
				WRAPPER_EXTENSION = xctest;
			};
			name = Release;
		};
		A35072FD1B2D021200F91A2F /* Debug */ = {
			isa = XCBuildConfiguration;
			buildSettings = {
				CLANG_WARN_UNREACHABLE_CODE = YES;
				DEBUG_INFORMATION_FORMAT = dwarf;
				ENABLE_STRICT_OBJC_MSGSEND = YES;
				ENABLE_TESTABILITY = YES;
				GCC_NO_COMMON_BLOCKS = YES;
				INFOPLIST_FILE = "RioBus UI Tests/Info.plist";
				IPHONEOS_DEPLOYMENT_TARGET = 9.0;
				LD_RUNPATH_SEARCH_PATHS = "$(inherited) @executable_path/Frameworks @loader_path/Frameworks";
				MTL_ENABLE_DEBUG_INFO = YES;
				PRODUCT_BUNDLE_IDENTIFIER = "com.meriw.RioBus-UI-Tests";
				PRODUCT_NAME = "$(TARGET_NAME)";
				SWIFT_OPTIMIZATION_LEVEL = "-Onone";
				TEST_TARGET_NAME = riobus;
				USES_XCTRUNNER = YES;
			};
			name = Debug;
		};
		A35072FE1B2D021200F91A2F /* Release */ = {
			isa = XCBuildConfiguration;
			buildSettings = {
				CLANG_WARN_UNREACHABLE_CODE = YES;
				COPY_PHASE_STRIP = NO;
				DEBUG_INFORMATION_FORMAT = "dwarf-with-dsym";
				ENABLE_STRICT_OBJC_MSGSEND = YES;
				GCC_NO_COMMON_BLOCKS = YES;
				INFOPLIST_FILE = "RioBus UI Tests/Info.plist";
				IPHONEOS_DEPLOYMENT_TARGET = 9.0;
				LD_RUNPATH_SEARCH_PATHS = "$(inherited) @executable_path/Frameworks @loader_path/Frameworks";
				MTL_ENABLE_DEBUG_INFO = NO;
				PRODUCT_BUNDLE_IDENTIFIER = "com.meriw.RioBus-UI-Tests";
				PRODUCT_NAME = "$(TARGET_NAME)";
				TEST_TARGET_NAME = riobus;
				USES_XCTRUNNER = YES;
			};
			name = Release;
		};
/* End XCBuildConfiguration section */

/* Begin XCConfigurationList section */
		681A7F3C196722530006C335 /* Build configuration list for PBXProject "riobus" */ = {
			isa = XCConfigurationList;
			buildConfigurations = (
				681A7F71196722540006C335 /* Debug */,
				681A7F72196722540006C335 /* Release */,
			);
			defaultConfigurationIsVisible = 0;
			defaultConfigurationName = Release;
		};
		681A7F73196722540006C335 /* Build configuration list for PBXNativeTarget "riobus" */ = {
			isa = XCConfigurationList;
			buildConfigurations = (
				681A7F74196722540006C335 /* Debug */,
				681A7F75196722540006C335 /* Release */,
			);
			defaultConfigurationIsVisible = 0;
			defaultConfigurationName = Release;
		};
		681A7F76196722540006C335 /* Build configuration list for PBXNativeTarget "riobusTests" */ = {
			isa = XCConfigurationList;
			buildConfigurations = (
				681A7F77196722540006C335 /* Debug */,
				681A7F78196722540006C335 /* Release */,
			);
			defaultConfigurationIsVisible = 0;
			defaultConfigurationName = Release;
		};
		A35072FF1B2D021200F91A2F /* Build configuration list for PBXNativeTarget "RioBus UI Tests" */ = {
			isa = XCConfigurationList;
			buildConfigurations = (
				A35072FD1B2D021200F91A2F /* Debug */,
				A35072FE1B2D021200F91A2F /* Release */,
			);
			defaultConfigurationIsVisible = 0;
			defaultConfigurationName = Release;
		};
/* End XCConfigurationList section */
	};
	rootObject = 681A7F39196722530006C335 /* Project object */;
}
